<Solution>
  <Project Path="CondosmartAPI/CondosmartAPI.csproj" Id="4b7ab761-0da0-4d7d-8a72-0cd5e763cd33" />
  <Project Path="CondosmartWeb.Test/CondosmartWeb.Tests.csproj" Id="8c619a7b-1d26-4b3b-a1e7-362e21f599f7" />
  <Project Path="CondosmartWeb/CondosmartWeb.csproj" />
  <Project Path="Core/Core.csproj" Id="cfff0db3-9661-4481-a9e6-8f0d05783497" />
  <Project Path="Service/Service.csproj" />
</Solution>
